# DO NOT EDIT MANUALLY - Managed by Fern Replay
version: "1.0"
generations:
  - commit_sha: 558ecaeceb72ad7364522b558464f682e75036be
    tree_hash: 6eefbc638d58412c2bd050c76b0af17956ee448e
    timestamp: 2026-08-13T22:25:22.810Z
    cli_version: unknown
    generator_versions: {}
current_generation: 558ecaeceb72ad7364522b558464f682e75036be
patches: []
